# This file is autogenerated, do not edit; changes may be undone by the next 'dep ensure'.


[[projects]]
  branch = "master"
  name = "github.com/mgenware/go-packagex"
  packages = [
    "iox",
    "templatex"
  ]
  revision = "e26b10d7d25da2f8f41fbc7d858a2da1c5236f65"

[solve-meta]
  analyzer-name = "dep"
  analyzer-version = 1
  inputs-digest = "ab00a200aa9c446edd5d3d4995f419efa78650129c9a548e6eea9de547469396"
  solver-name = "gps-cdcl"
  solver-version = 1
