# This file is autogenerated, do not edit; changes may be undone by the next 'dep ensure'.


[[projects]]
  name = "github.com/mgenware/go-packagex"
  packages = [
    "iox",
    "templatex"
  ]
  revision = "0bd67af9d9d10be29017ca25686f8d6af9713a69"
  version = "1.3.2"

[solve-meta]
  analyzer-name = "dep"
  analyzer-version = 1
  inputs-digest = "6176cf78614eb9e27133ef304c9aaf3ef96c07481f201b977627f69d5278e5dd"
  solver-name = "gps-cdcl"
  solver-version = 1
