# This file is autogenerated, do not edit; changes may be undone by the next 'dep ensure'.


[[projects]]
  branch = "master"
  name = "github.com/mgenware/go-packagex"
  packages = [
    "iox",
    "templatex"
  ]
  revision = "c3e77fa6e5de244911aafc0e694d95ced91fde5b"

[solve-meta]
  analyzer-name = "dep"
  analyzer-version = 1
  inputs-digest = "ab00a200aa9c446edd5d3d4995f419efa78650129c9a548e6eea9de547469396"
  solver-name = "gps-cdcl"
  solver-version = 1
